// !$*UTF8*$!
{
	archiveVersion = 1;
	classes = {
	};
	objectVersion = 50;
	objects = {

/* Begin PBXBuildFile section */
		2629773E23C1E406006C6802 /* BreedsListResponse.swift in Sources */ = {isa = PBXBuildFile; fileRef = 2629773D23C1E406006C6802 /* BreedsListResponse.swift */; };
		2695E13D23C0900500314743 /* DogImage.swift in Sources */ = {isa = PBXBuildFile; fileRef = 2695E13C23C0900500314743 /* DogImage.swift */; };
		26CF765223BF90B700CFC774 /* AppDelegate.swift in Sources */ = {isa = PBXBuildFile; fileRef = 26CF765123BF90B700CFC774 /* AppDelegate.swift */; };
		26CF765423BF90B700CFC774 /* SceneDelegate.swift in Sources */ = {isa = PBXBuildFile; fileRef = 26CF765323BF90B700CFC774 /* SceneDelegate.swift */; };
		26CF765623BF90B700CFC774 /* ViewController.swift in Sources */ = {isa = PBXBuildFile; fileRef = 26CF765523BF90B700CFC774 /* ViewController.swift */; };
		26CF765923BF90B700CFC774 /* Main.storyboard in Resources */ = {isa = PBXBuildFile; fileRef = 26CF765723BF90B700CFC774 /* Main.storyboard */; };
		26CF765B23BF90BB00CFC774 /* Assets.xcassets in Resources */ = {isa = PBXBuildFile; fileRef = 26CF765A23BF90BB00CFC774 /* Assets.xcassets */; };
		26CF765E23BF90BB00CFC774 /* LaunchScreen.storyboard in Resources */ = {isa = PBXBuildFile; fileRef = 26CF765C23BF90BB00CFC774 /* LaunchScreen.storyboard */; };
		26CF766923BF91BC00CFC774 /* DogApi.swift in Sources */ = {isa = PBXBuildFile; fileRef = 26CF766823BF91BC00CFC774 /* DogApi.swift */; };
/* End PBXBuildFile section */

/* Begin PBXFileReference section */
		2629773D23C1E406006C6802 /* BreedsListResponse.swift */ = {isa = PBXFileReference; lastKnownFileType = sourcecode.swift; path = BreedsListResponse.swift; sourceTree = "<group>"; };
		2695E13C23C0900500314743 /* DogImage.swift */ = {isa = PBXFileReference; lastKnownFileType = sourcecode.swift; path = DogImage.swift; sourceTree = "<group>"; };
		26CF764E23BF90B700CFC774 /* DogBreeds.app */ = {isa = PBXFileReference; explicitFileType = wrapper.application; includeInIndex = 0; path = DogBreeds.app; sourceTree = BUILT_PRODUCTS_DIR; };
		26CF765123BF90B700CFC774 /* AppDelegate.swift */ = {isa = PBXFileReference; lastKnownFileType = sourcecode.swift; path = AppDelegate.swift; sourceTree = "<group>"; };
		26CF765323BF90B700CFC774 /* SceneDelegate.swift */ = {isa = PBXFileReference; lastKnownFileType = sourcecode.swift; path = SceneDelegate.swift; sourceTree = "<group>"; };
		26CF765523BF90B700CFC774 /* ViewController.swift */ = {isa = PBXFileReference; lastKnownFileType = sourcecode.swift; path = ViewController.swift; sourceTree = "<group>"; };
		26CF765823BF90B700CFC774 /* Base */ = {isa = PBXFileReference; lastKnownFileType = file.storyboard; name = Base; path = Base.lproj/Main.storyboard; sourceTree = "<group>"; };
		26CF765A23BF90BB00CFC774 /* Assets.xcassets */ = {isa = PBXFileReference; lastKnownFileType = folder.assetcatalog; path = Assets.xcassets; sourceTree = "<group>"; };
		26CF765D23BF90BB00CFC774 /* Base */ = {isa = PBXFileReference; lastKnownFileType = file.storyboard; name = Base; path = Base.lproj/LaunchScreen.storyboard; sourceTree = "<group>"; };
		26CF765F23BF90BB00CFC774 /* Info.plist */ = {isa = PBXFileReference; lastKnownFileType = text.plist.xml; path = Info.plist; sourceTree = "<group>"; };
		26CF766823BF91BC00CFC774 /* DogApi.swift */ = {isa = PBXFileReference; lastKnownFileType = sourcecode.swift; path = DogApi.swift; sourceTree = "<group>"; };
/* End PBXFileReference section */

/* Begin PBXFrameworksBuildPhase section */
		26CF764B23BF90B700CFC774 /* Frameworks */ = {
			isa = PBXFrameworksBuildPhase;
			buildActionMask = 2147483647;
			files = (
			);
			runOnlyForDeploymentPostprocessing = 0;
		};
/* End PBXFrameworksBuildPhase section */

/* Begin PBXGroup section */
		26CF764523BF90B700CFC774 = {
			isa = PBXGroup;
			children = (
				26CF765023BF90B700CFC774 /* DogBreed */,
				26CF764F23BF90B700CFC774 /* Products */,
			);
			sourceTree = "<group>";
		};
		26CF764F23BF90B700CFC774 /* Products */ = {
			isa = PBXGroup;
			children = (
				26CF764E23BF90B700CFC774 /* DogBreeds.app */,
			);
			name = Products;
			sourceTree = "<group>";
		};
		26CF765023BF90B700CFC774 /* DogBreed */ = {
			isa = PBXGroup;
			children = (
				26CF766723BF90ED00CFC774 /* Model */,
				26CF766623BF90D900CFC774 /* Controller */,
				26CF766523BF90D000CFC774 /* View */,
				26CF765F23BF90BB00CFC774 /* Info.plist */,
			);
			path = DogBreed;
			sourceTree = "<group>";
		};
		26CF766523BF90D000CFC774 /* View */ = {
			isa = PBXGroup;
			children = (
				26CF765723BF90B700CFC774 /* Main.storyboard */,
				26CF765A23BF90BB00CFC774 /* Assets.xcassets */,
				26CF765C23BF90BB00CFC774 /* LaunchScreen.storyboard */,
			);
			path = View;
			sourceTree = "<group>";
		};
		26CF766623BF90D900CFC774 /* Controller */ = {
			isa = PBXGroup;
			children = (
				26CF765123BF90B700CFC774 /* AppDelegate.swift */,
				26CF765323BF90B700CFC774 /* SceneDelegate.swift */,
				26CF765523BF90B700CFC774 /* ViewController.swift */,
			);
			path = Controller;
			sourceTree = "<group>";
		};
		26CF766723BF90ED00CFC774 /* Model */ = {
			isa = PBXGroup;
			children = (
				26CF766823BF91BC00CFC774 /* DogApi.swift */,
				2695E13C23C0900500314743 /* DogImage.swift */,
				2629773D23C1E406006C6802 /* BreedsListResponse.swift */,
			);
			path = Model;
			sourceTree = "<group>";
		};
/* End PBXGroup section */

/* Begin PBXNativeTarget section */
		26CF764D23BF90B700CFC774 /* DogBreeds */ = {
			isa = PBXNativeTarget;
			buildConfigurationList = 26CF766223BF90BB00CFC774 /* Build configuration list for PBXNativeTarget "DogBreeds" */;
			buildPhases = (
				26CF764A23BF90B700CFC774 /* Sources */,
				26CF764B23BF90B700CFC774 /* Frameworks */,
				26CF764C23BF90B700CFC774 /* Resources */,
			);
			buildRules = (
			);
			dependencies = (
			);
			name = DogBreeds;
			productName = RandomDog;
			productReference = 26CF764E23BF90B700CFC774 /* DogBreeds.app */;
			productType = "com.apple.product-type.application";
		};
/* End PBXNativeTarget section */

/* Begin PBXProject section */
		26CF764623BF90B700CFC774 /* Project object */ = {
			isa = PBXProject;
			attributes = {
				LastSwiftUpdateCheck = 1130;
				LastUpgradeCheck = 1130;
				ORGANIZATIONNAME = "Bold Lion";
				TargetAttributes = {
					26CF764D23BF90B700CFC774 = {
						CreatedOnToolsVersion = 11.3;
					};
				};
			};
			buildConfigurationList = 26CF764923BF90B700CFC774 /* Build configuration list for PBXProject "DogBreeds" */;
			compatibilityVersion = "Xcode 9.3";
			developmentRegion = en;
			hasScannedForEncodings = 0;
			knownRegions = (
				en,
				Base,
			);
			mainGroup = 26CF764523BF90B700CFC774;
			productRefGroup = 26CF764F23BF90B700CFC774 /* Products */;
			projectDirPath = "";
			projectRoot = "";
			targets = (
				26CF764D23BF90B700CFC774 /* DogBreeds */,
			);
		};
/* End PBXProject section */

/* Begin PBXResourcesBuildPhase section */
		26CF764C23BF90B700CFC774 /* Resources */ = {
			isa = PBXResourcesBuildPhase;
			buildActionMask = 2147483647;
			files = (
				26CF765E23BF90BB00CFC774 /* LaunchScreen.storyboard in Resources */,
				26CF765B23BF90BB00CFC774 /* Assets.xcassets in Resources */,
				26CF765923BF90B700CFC774 /* Main.storyboard in Resources */,
			);
			runOnlyForDeploymentPostprocessing = 0;
		};
/* End PBXResourcesBuildPhase section */

/* Begin PBXSourcesBuildPhase section */
		26CF764A23BF90B700CFC774 /* Sources */ = {
			isa = PBXSourcesBuildPhase;
			buildActionMask = 2147483647;
			files = (
				26CF765623BF90B700CFC774 /* ViewController.swift in Sources */,
				2695E13D23C0900500314743 /* DogImage.swift in Sources */,
				26CF765223BF90B700CFC774 /* AppDelegate.swift in Sources */,
				2629773E23C1E406006C6802 /* BreedsListResponse.swift in Sources */,
				26CF765423BF90B700CFC774 /* SceneDelegate.swift in Sources */,
				26CF766923BF91BC00CFC774 /* DogApi.swift in Sources */,
			);
			runOnlyForDeploymentPostprocessing = 0;
		};
/* End PBXSourcesBuildPhase section */

/* Begin PBXVariantGroup section */
		26CF765723BF90B700CFC774 /* Main.storyboard */ = {
			isa = PBXVariantGroup;
			children = (
				26CF765823BF90B700CFC774 /* Base */,
			);
			name = Main.storyboard;
			sourceTree = "<group>";
		};
		26CF765C23BF90BB00CFC774 /* LaunchScreen.storyboard */ = {
			isa = PBXVariantGroup;
			children = (
				26CF765D23BF90BB00CFC774 /* Base */,
			);
			name = LaunchScreen.storyboard;
			sourceTree = "<group>";
		};
/* End PBXVariantGroup section */

/* Begin XCBuildConfiguration section */
		26CF766023BF90BB00CFC774 /* Debug */ = {
			isa = XCBuildConfiguration;
			buildSettings = {
				ALWAYS_SEARCH_USER_PATHS = NO;
				CLANG_ANALYZER_NONNULL = YES;
				CLANG_ANALYZER_NUMBER_OBJECT_CONVERSION = YES_AGGRESSIVE;
				CLANG_CXX_LANGUAGE_STANDARD = "gnu++14";
				CLANG_CXX_LIBRARY = "libc++";
				CLANG_ENABLE_MODULES = YES;
				CLANG_ENABLE_OBJC_ARC = YES;
				CLANG_ENABLE_OBJC_WEAK = YES;
				CLANG_WARN_BLOCK_CAPTURE_AUTORELEASING = YES;
				CLANG_WARN_BOOL_CONVERSION = YES;
				CLANG_WARN_COMMA = YES;
				CLANG_WARN_CONSTANT_CONVERSION = YES;
				CLANG_WARN_DEPRECATED_OBJC_IMPLEMENTATIONS = YES;
				CLANG_WARN_DIRECT_OBJC_ISA_USAGE = YES_ERROR;
				CLANG_WARN_DOCUMENTATION_COMMENTS = YES;
				CLANG_WARN_EMPTY_BODY = YES;
				CLANG_WARN_ENUM_CONVERSION = YES;
				CLANG_WARN_INFINITE_RECURSION = YES;
				CLANG_WARN_INT_CONVERSION = YES;
				CLANG_WARN_NON_LITERAL_NULL_CONVERSION = YES;
				CLANG_WARN_OBJC_IMPLICIT_RETAIN_SELF = YES;
				CLANG_WARN_OBJC_LITERAL_CONVERSION = YES;
				CLANG_WARN_OBJC_ROOT_CLASS = YES_ERROR;
				CLANG_WARN_RANGE_LOOP_ANALYSIS = YES;
				CLANG_WARN_STRICT_PROTOTYPES = YES;
				CLANG_WARN_SUSPICIOUS_MOVE = YES;
				CLANG_WARN_UNGUARDED_AVAILABILITY = YES_AGGRESSIVE;
				CLANG_WARN_UNREACHABLE_CODE = YES;
				CLANG_WARN__DUPLICATE_METHOD_MATCH = YES;
				COPY_PHASE_STRIP = NO;
				DEBUG_INFORMATION_FORMAT = dwarf;
				ENABLE_STRICT_OBJC_MSGSEND = YES;
				ENABLE_TESTABILITY = YES;
				GCC_C_LANGUAGE_STANDARD = gnu11;
				GCC_DYNAMIC_NO_PIC = NO;
				GCC_NO_COMMON_BLOCKS = YES;
				GCC_OPTIMIZATION_LEVEL = 0;
				GCC_PREPROCESSOR_DEFINITIONS = (
					"DEBUG=1",
					"$(inherited)",
				);
				GCC_WARN_64_TO_32_BIT_CONVERSION = YES;
				GCC_WARN_ABOUT_RETURN_TYPE = YES_ERROR;
				GCC_WARN_UNDECLARED_SELECTOR = YES;
				GCC_WARN_UNINITIALIZED_AUTOS = YES_AGGRESSIVE;
				GCC_WARN_UNUSED_FUNCTION = YES;
				GCC_WARN_UNUSED_VARIABLE = YES;
				IPHONEOS_DEPLOYMENT_TARGET = 13.2;
				MTL_ENABLE_DEBUG_INFO = INCLUDE_SOURCE;
				MTL_FAST_MATH = YES;
				ONLY_ACTIVE_ARCH = YES;
				SDKROOT = iphoneos;
				SWIFT_ACTIVE_COMPILATION_CONDITIONS = DEBUG;
				SWIFT_OPTIMIZATION_LEVEL = "-Onone";
			};
			name = Debug;
		};
		26CF766123BF90BB00CFC774 /* Release */ = {
			isa = XCBuildConfiguration;
			buildSettings = {
				ALWAYS_SEARCH_USER_PATHS = NO;
				CLANG_ANALYZER_NONNULL = YES;
				CLANG_ANALYZER_NUMBER_OBJECT_CONVERSION = YES_AGGRESSIVE;
				CLANG_CXX_LANGUAGE_STANDARD = "gnu++14";
				CLANG_CXX_LIBRARY = "libc++";
				CLANG_ENABLE_MODULES = YES;
				CLANG_ENABLE_OBJC_ARC = YES;
				CLANG_ENABLE_OBJC_WEAK = YES;
				CLANG_WARN_BLOCK_CAPTURE_AUTORELEASING = YES;
				CLANG_WARN_BOOL_CONVERSION = YES;
				CLANG_WARN_COMMA = YES;
				CLANG_WARN_CONSTANT_CONVERSION = YES;
				CLANG_WARN_DEPRECATED_OBJC_IMPLEMENTATIONS = YES;
				CLANG_WARN_DIRECT_OBJC_ISA_USAGE = YES_ERROR;
				CLANG_WARN_DOCUMENTATION_COMMENTS = YES;
				CLANG_WARN_EMPTY_BODY = YES;
				CLANG_WARN_ENUM_CONVERSION = YES;
				CLANG_WARN_INFINITE_RECURSION = YES;
				CLANG_WARN_INT_CONVERSION = YES;
				CLANG_WARN_NON_LITERAL_NULL_CONVERSION = YES;
				CLANG_WARN_OBJC_IMPLICIT_RETAIN_SELF = YES;
				CLANG_WARN_OBJC_LITERAL_CONVERSION = YES;
				CLANG_WARN_OBJC_ROOT_CLASS = YES_ERROR;
				CLANG_WARN_RANGE_LOOP_ANALYSIS = YES;
				CLANG_WARN_STRICT_PROTOTYPES = YES;
				CLANG_WARN_SUSPICIOUS_MOVE = YES;
				CLANG_WARN_UNGUARDED_AVAILABILITY = YES_AGGRESSIVE;
				CLANG_WARN_UNREACHABLE_CODE = YES;
				CLANG_WARN__DUPLICATE_METHOD_MATCH = YES;
				COPY_PHASE_STRIP = NO;
				DEBUG_INFORMATION_FORMAT = "dwarf-with-dsym";
				ENABLE_NS_ASSERTIONS = NO;
				ENABLE_STRICT_OBJC_MSGSEND = YES;
				GCC_C_LANGUAGE_STANDARD = gnu11;
				GCC_NO_COMMON_BLOCKS = YES;
				GCC_WARN_64_TO_32_BIT_CONVERSION = YES;
				GCC_WARN_ABOUT_RETURN_TYPE = YES_ERROR;
				GCC_WARN_UNDECLARED_SELECTOR = YES;
				GCC_WARN_UNINITIALIZED_AUTOS = YES_AGGRESSIVE;
				GCC_WARN_UNUSED_FUNCTION = YES;
				GCC_WARN_UNUSED_VARIABLE = YES;
				IPHONEOS_DEPLOYMENT_TARGET = 13.2;
				MTL_ENABLE_DEBUG_INFO = NO;
				MTL_FAST_MATH = YES;
				SDKROOT = iphoneos;
				SWIFT_COMPILATION_MODE = wholemodule;
				SWIFT_OPTIMIZATION_LEVEL = "-O";
				VALIDATE_PRODUCT = YES;
			};
			name = Release;
		};
		26CF766323BF90BB00CFC774 /* Debug */ = {
			isa = XCBuildConfiguration;
			buildSettings = {
				ASSETCATALOG_COMPILER_APPICON_NAME = AppIcon;
				CODE_SIGN_STYLE = Automatic;
				DEVELOPMENT_TEAM = C7Z3QND73W;
				INFOPLIST_FILE = "$(SRCROOT)/DogBreed/Info.plist";
				LD_RUNPATH_SEARCH_PATHS = (
					"$(inherited)",
					"@executable_path/Frameworks",
				);
				PRODUCT_BUNDLE_IDENTIFIER = cc.boldlion.DogBreed;
				PRODUCT_NAME = "$(TARGET_NAME)";
				SWIFT_VERSION = 5.0;
				TARGETED_DEVICE_FAMILY = "1,2";
			};
			name = Debug;
		};
		26CF766423BF90BB00CFC774 /* Release */ = {
			isa = XCBuildConfiguration;
			buildSettings = {
				ASSETCATALOG_COMPILER_APPICON_NAME = AppIcon;
				CODE_SIGN_STYLE = Automatic;
				DEVELOPMENT_TEAM = C7Z3QND73W;
				INFOPLIST_FILE = "$(SRCROOT)/DogBreed/Info.plist";
				LD_RUNPATH_SEARCH_PATHS = (
					"$(inherited)",
					"@executable_path/Frameworks",
				);
				PRODUCT_BUNDLE_IDENTIFIER = cc.boldlion.DogBreed;
				PRODUCT_NAME = "$(TARGET_NAME)";
				SWIFT_VERSION = 5.0;
				TARGETED_DEVICE_FAMILY = "1,2";
			};
			name = Release;
		};
/* End XCBuildConfiguration section */

/* Begin XCConfigurationList section */
		26CF764923BF90B700CFC774 /* Build configuration list for PBXProject "DogBreeds" */ = {
			isa = XCConfigurationList;
			buildConfigurations = (
				26CF766023BF90BB00CFC774 /* Debug */,
				26CF766123BF90BB00CFC774 /* Release */,
			);
			defaultConfigurationIsVisible = 0;
			defaultConfigurationName = Release;
		};
		26CF766223BF90BB00CFC774 /* Build configuration list for PBXNativeTarget "DogBreeds" */ = {
			isa = XCConfigurationList;
			buildConfigurations = (
				26CF766323BF90BB00CFC774 /* Debug */,
				26CF766423BF90BB00CFC774 /* Release */,
			);
			defaultConfigurationIsVisible = 0;
			defaultConfigurationName = Release;
		};
/* End XCConfigurationList section */
	};
	rootObject = 26CF764623BF90B700CFC774 /* Project object */;
}
